// !$*UTF8*$!
{
	archiveVersion = 1;
	classes = {
	};
	objectVersion = 56;
	objects = {

/* Begin PBXBuildFile section */
		18DE56D32B40093100BD4D74 /* AppDelegate.swift in Sources */ = {isa = PBXBuildFile; fileRef = 18DE56D22B40093100BD4D74 /* AppDelegate.swift */; };
		18DE56D52B40093100BD4D74 /* SceneDelegate.swift in Sources */ = {isa = PBXBuildFile; fileRef = 18DE56D42B40093100BD4D74 /* SceneDelegate.swift */; };
		18DE56D72B40093100BD4D74 /* ViewController.swift in Sources */ = {isa = PBXBuildFile; fileRef = 18DE56D62B40093100BD4D74 /* ViewController.swift */; };
		18DE56DA2B40093100BD4D74 /* Main.storyboard in Resources */ = {isa = PBXBuildFile; fileRef = 18DE56D82B40093100BD4D74 /* Main.storyboard */; };
		18DE56DC2B40093200BD4D74 /* Assets.xcassets in Resources */ = {isa = PBXBuildFile; fileRef = 18DE56DB2B40093200BD4D74 /* Assets.xcassets */; };
		18DE56DF2B40093200BD4D74 /* LaunchScreen.storyboard in Resources */ = {isa = PBXBuildFile; fileRef = 18DE56DD2B40093200BD4D74 /* LaunchScreen.storyboard */; };
		18DE56EA2B40093300BD4D74 /* scrollTests.swift in Sources */ = {isa = PBXBuildFile; fileRef = 18DE56E92B40093300BD4D74 /* scrollTests.swift */; };
		18DE56F42B40093300BD4D74 /* scrollUITests.swift in Sources */ = {isa = PBXBuildFile; fileRef = 18DE56F32B40093300BD4D74 /* scrollUITests.swift */; };
		18DE56F62B40093300BD4D74 /* scrollUITestsLaunchTests.swift in Sources */ = {isa = PBXBuildFile; fileRef = 18DE56F52B40093300BD4D74 /* scrollUITestsLaunchTests.swift */; };
/* End PBXBuildFile section */

/* Begin PBXContainerItemProxy section */
		18DE56E62B40093300BD4D74 /* PBXContainerItemProxy */ = {
			isa = PBXContainerItemProxy;
			containerPortal = 18DE56C72B40093100BD4D74 /* Project object */;
			proxyType = 1;
			remoteGlobalIDString = 18DE56CE2B40093100BD4D74;
			remoteInfo = scroll;
		};
		18DE56F02B40093300BD4D74 /* PBXContainerItemProxy */ = {
			isa = PBXContainerItemProxy;
			containerPortal = 18DE56C72B40093100BD4D74 /* Project object */;
			proxyType = 1;
			remoteGlobalIDString = 18DE56CE2B40093100BD4D74;
			remoteInfo = scroll;
		};
/* End PBXContainerItemProxy section */

/* Begin PBXFileReference section */
		18DE56CF2B40093100BD4D74 /* scroll.app */ = {isa = PBXFileReference; explicitFileType = wrapper.application; includeInIndex = 0; path = scroll.app; sourceTree = BUILT_PRODUCTS_DIR; };
		18DE56D22B40093100BD4D74 /* AppDelegate.swift */ = {isa = PBXFileReference; lastKnownFileType = sourcecode.swift; path = AppDelegate.swift; sourceTree = "<group>"; };
		18DE56D42B40093100BD4D74 /* SceneDelegate.swift */ = {isa = PBXFileReference; lastKnownFileType = sourcecode.swift; path = SceneDelegate.swift; sourceTree = "<group>"; };
		18DE56D62B40093100BD4D74 /* ViewController.swift */ = {isa = PBXFileReference; lastKnownFileType = sourcecode.swift; path = ViewController.swift; sourceTree = "<group>"; };
		18DE56D92B40093100BD4D74 /* Base */ = {isa = PBXFileReference; lastKnownFileType = file.storyboard; name = Base; path = Base.lproj/Main.storyboard; sourceTree = "<group>"; };
		18DE56DB2B40093200BD4D74 /* Assets.xcassets */ = {isa = PBXFileReference; lastKnownFileType = folder.assetcatalog; path = Assets.xcassets; sourceTree = "<group>"; };
		18DE56DE2B40093200BD4D74 /* Base */ = {isa = PBXFileReference; lastKnownFileType = file.storyboard; name = Base; path = Base.lproj/LaunchScreen.storyboard; sourceTree = "<group>"; };
		18DE56E02B40093200BD4D74 /* Info.plist */ = {isa = PBXFileReference; lastKnownFileType = text.plist.xml; path = Info.plist; sourceTree = "<group>"; };
		18DE56E52B40093300BD4D74 /* scrollTests.xctest */ = {isa = PBXFileReference; explicitFileType = wrapper.cfbundle; includeInIndex = 0; path = scrollTests.xctest; sourceTree = BUILT_PRODUCTS_DIR; };
		18DE56E92B40093300BD4D74 /* scrollTests.swift */ = {isa = PBXFileReference; lastKnownFileType = sourcecode.swift; path = scrollTests.swift; sourceTree = "<group>"; };
		18DE56EF2B40093300BD4D74 /* scrollUITests.xctest */ = {isa = PBXFileReference; explicitFileType = wrapper.cfbundle; includeInIndex = 0; path = scrollUITests.xctest; sourceTree = BUILT_PRODUCTS_DIR; };
		18DE56F32B40093300BD4D74 /* scrollUITests.swift */ = {isa = PBXFileReference; lastKnownFileType = sourcecode.swift; path = scrollUITests.swift; sourceTree = "<group>"; };
		18DE56F52B40093300BD4D74 /* scrollUITestsLaunchTests.swift */ = {isa = PBXFileReference; lastKnownFileType = sourcecode.swift; path = scrollUITestsLaunchTests.swift; sourceTree = "<group>"; };
/* End PBXFileReference section */

/* Begin PBXFrameworksBuildPhase section */
		18DE56CC2B40093100BD4D74 /* Frameworks */ = {
			isa = PBXFrameworksBuildPhase;
			buildActionMask = 2147483647;
			files = (
			);
			runOnlyForDeploymentPostprocessing = 0;
		};
		18DE56E22B40093300BD4D74 /* Frameworks */ = {
			isa = PBXFrameworksBuildPhase;
			buildActionMask = 2147483647;
			files = (
			);
			runOnlyForDeploymentPostprocessing = 0;
		};
		18DE56EC2B40093300BD4D74 /* Frameworks */ = {
			isa = PBXFrameworksBuildPhase;
			buildActionMask = 2147483647;
			files = (
			);
			runOnlyForDeploymentPostprocessing = 0;
		};
/* End PBXFrameworksBuildPhase section */

/* Begin PBXGroup section */
		18DE56C62B40093100BD4D74 = {
			isa = PBXGroup;
			children = (
				18DE56D12B40093100BD4D74 /* scroll */,
				18DE56E82B40093300BD4D74 /* scrollTests */,
				18DE56F22B40093300BD4D74 /* scrollUITests */,
				18DE56D02B40093100BD4D74 /* Products */,
			);
			sourceTree = "<group>";
		};
		18DE56D02B40093100BD4D74 /* Products */ = {
			isa = PBXGroup;
			children = (
				18DE56CF2B40093100BD4D74 /* scroll.app */,
				18DE56E52B40093300BD4D74 /* scrollTests.xctest */,
				18DE56EF2B40093300BD4D74 /* scrollUITests.xctest */,
			);
			name = Products;
			sourceTree = "<group>";
		};
		18DE56D12B40093100BD4D74 /* scroll */ = {
			isa = PBXGroup;
			children = (
				18DE56D22B40093100BD4D74 /* AppDelegate.swift */,
				18DE56D42B40093100BD4D74 /* SceneDelegate.swift */,
				18DE56D62B40093100BD4D74 /* ViewController.swift */,
				18DE56D82B40093100BD4D74 /* Main.storyboard */,
				18DE56DB2B40093200BD4D74 /* Assets.xcassets */,
				18DE56DD2B40093200BD4D74 /* LaunchScreen.storyboard */,
				18DE56E02B40093200BD4D74 /* Info.plist */,
			);
			path = scroll;
			sourceTree = "<group>";
		};
		18DE56E82B40093300BD4D74 /* scrollTests */ = {
			isa = PBXGroup;
			children = (
				18DE56E92B40093300BD4D74 /* scrollTests.swift */,
			);
			path = scrollTests;
			sourceTree = "<group>";
		};
		18DE56F22B40093300BD4D74 /* scrollUITests */ = {
			isa = PBXGroup;
			children = (
				18DE56F32B40093300BD4D74 /* scrollUITests.swift */,
				18DE56F52B40093300BD4D74 /* scrollUITestsLaunchTests.swift */,
			);
			path = scrollUITests;
			sourceTree = "<group>";
		};
/* End PBXGroup section */

/* Begin PBXNativeTarget section */
		18DE56CE2B40093100BD4D74 /* scroll */ = {
			isa = PBXNativeTarget;
			buildConfigurationList = 18DE56F92B40093300BD4D74 /* Build configuration list for PBXNativeTarget "scroll" */;
			buildPhases = (
				18DE56CB2B40093100BD4D74 /* Sources */,
				18DE56CC2B40093100BD4D74 /* Frameworks */,
				18DE56CD2B40093100BD4D74 /* Resources */,
			);
			buildRules = (
			);
			dependencies = (
			);
			name = scroll;
			productName = scroll;
			productReference = 18DE56CF2B40093100BD4D74 /* scroll.app */;
			productType = "com.apple.product-type.application";
		};
		18DE56E42B40093300BD4D74 /* scrollTests */ = {
			isa = PBXNativeTarget;
			buildConfigurationList = 18DE56FC2B40093300BD4D74 /* Build configuration list for PBXNativeTarget "scrollTests" */;
			buildPhases = (
				18DE56E12B40093300BD4D74 /* Sources */,
				18DE56E22B40093300BD4D74 /* Frameworks */,
				18DE56E32B40093300BD4D74 /* Resources */,
			);
			buildRules = (
			);
			dependencies = (
				18DE56E72B40093300BD4D74 /* PBXTargetDependency */,
			);
			name = scrollTests;
			productName = scrollTests;
			productReference = 18DE56E52B40093300BD4D74 /* scrollTests.xctest */;
			productType = "com.apple.product-type.bundle.unit-test";
		};
		18DE56EE2B40093300BD4D74 /* scrollUITests */ = {
			isa = PBXNativeTarget;
			buildConfigurationList = 18DE56FF2B40093300BD4D74 /* Build configuration list for PBXNativeTarget "scrollUITests" */;
			buildPhases = (
				18DE56EB2B40093300BD4D74 /* Sources */,
				18DE56EC2B40093300BD4D74 /* Frameworks */,
				18DE56ED2B40093300BD4D74 /* Resources */,
			);
			buildRules = (
			);
			dependencies = (
				18DE56F12B40093300BD4D74 /* PBXTargetDependency */,
			);
			name = scrollUITests;
			productName = scrollUITests;
			productReference = 18DE56EF2B40093300BD4D74 /* scrollUITests.xctest */;
			productType = "com.apple.product-type.bundle.ui-testing";
		};
/* End PBXNativeTarget section */

/* Begin PBXProject section */
		18DE56C72B40093100BD4D74 /* Project object */ = {
			isa = PBXProject;
			attributes = {
				BuildIndependentTargetsInParallel = 1;
				LastSwiftUpdateCheck = 1430;
				LastUpgradeCheck = 1430;
				TargetAttributes = {
					18DE56CE2B40093100BD4D74 = {
						CreatedOnToolsVersion = 14.3.1;
					};
					18DE56E42B40093300BD4D74 = {
						CreatedOnToolsVersion = 14.3.1;
						TestTargetID = 18DE56CE2B40093100BD4D74;
					};
					18DE56EE2B40093300BD4D74 = {
						CreatedOnToolsVersion = 14.3.1;
						TestTargetID = 18DE56CE2B40093100BD4D74;
					};
				};
			};
			buildConfigurationList = 18DE56CA2B40093100BD4D74 /* Build configuration list for PBXProject "scroll" */;
			compatibilityVersion = "Xcode 14.0";
			developmentRegion = en;
			hasScannedForEncodings = 0;
			knownRegions = (
				en,
				Base,
			);
			mainGroup = 18DE56C62B40093100BD4D74;
			productRefGroup = 18DE56D02B40093100BD4D74 /* Products */;
			projectDirPath = "";
			projectRoot = "";
			targets = (
				18DE56CE2B40093100BD4D74 /* scroll */,
				18DE56E42B40093300BD4D74 /* scrollTests */,
				18DE56EE2B40093300BD4D74 /* scrollUITests */,
			);
		};
/* End PBXProject section */

/* Begin PBXResourcesBuildPhase section */
		18DE56CD2B40093100BD4D74 /* Resources */ = {
			isa = PBXResourcesBuildPhase;
			buildActionMask = 2147483647;
			files = (
				18DE56DF2B40093200BD4D74 /* LaunchScreen.storyboard in Resources */,
				18DE56DC2B40093200BD4D74 /* Assets.xcassets in Resources */,
				18DE56DA2B40093100BD4D74 /* Main.storyboard in Resources */,
			);
			runOnlyForDeploymentPostprocessing = 0;
		};
		18DE56E32B40093300BD4D74 /* Resources */ = {
			isa = PBXResourcesBuildPhase;
			buildActionMask = 2147483647;
			files = (
			);
			runOnlyForDeploymentPostprocessing = 0;
		};
		18DE56ED2B40093300BD4D74 /* Resources */ = {
			isa = PBXResourcesBuildPhase;
			buildActionMask = 2147483647;
			files = (
			);
			runOnlyForDeploymentPostprocessing = 0;
		};
/* End PBXResourcesBuildPhase section */

/* Begin PBXSourcesBuildPhase section */
		18DE56CB2B40093100BD4D74 /* Sources */ = {
			isa = PBXSourcesBuildPhase;
			buildActionMask = 2147483647;
			files = (
				18DE56D72B40093100BD4D74 /* ViewController.swift in Sources */,
				18DE56D32B40093100BD4D74 /* AppDelegate.swift in Sources */,
				18DE56D52B40093100BD4D74 /* SceneDelegate.swift in Sources */,
			);
			runOnlyForDeploymentPostprocessing = 0;
		};
		18DE56E12B40093300BD4D74 /* Sources */ = {
			isa = PBXSourcesBuildPhase;
			buildActionMask = 2147483647;
			files = (
				18DE56EA2B40093300BD4D74 /* scrollTests.swift in Sources */,
			);
			runOnlyForDeploymentPostprocessing = 0;
		};
		18DE56EB2B40093300BD4D74 /* Sources */ = {
			isa = PBXSourcesBuildPhase;
			buildActionMask = 2147483647;
			files = (
				18DE56F42B40093300BD4D74 /* scrollUITests.swift in Sources */,
				18DE56F62B40093300BD4D74 /* scrollUITestsLaunchTests.swift in Sources */,
			);
			runOnlyForDeploymentPostprocessing = 0;
		};
/* End PBXSourcesBuildPhase section */

/* Begin PBXTargetDependency section */
		18DE56E72B40093300BD4D74 /* PBXTargetDependency */ = {
			isa = PBXTargetDependency;
			target = 18DE56CE2B40093100BD4D74 /* scroll */;
			targetProxy = 18DE56E62B40093300BD4D74 /* PBXContainerItemProxy */;
		};
		18DE56F12B40093300BD4D74 /* PBXTargetDependency */ = {
			isa = PBXTargetDependency;
			target = 18DE56CE2B40093100BD4D74 /* scroll */;
			targetProxy = 18DE56F02B40093300BD4D74 /* PBXContainerItemProxy */;
		};
/* End PBXTargetDependency section */

/* Begin PBXVariantGroup section */
		18DE56D82B40093100BD4D74 /* Main.storyboard */ = {
			isa = PBXVariantGroup;
			children = (
				18DE56D92B40093100BD4D74 /* Base */,
			);
			name = Main.storyboard;
			sourceTree = "<group>";
		};
		18DE56DD2B40093200BD4D74 /* LaunchScreen.storyboard */ = {
			isa = PBXVariantGroup;
			children = (
				18DE56DE2B40093200BD4D74 /* Base */,
			);
			name = LaunchScreen.storyboard;
			sourceTree = "<group>";
		};
/* End PBXVariantGroup section */

/* Begin XCBuildConfiguration section */
		18DE56F72B40093300BD4D74 /* Debug */ = {
			isa = XCBuildConfiguration;
			buildSettings = {
				ALWAYS_SEARCH_USER_PATHS = NO;
				CLANG_ANALYZER_NONNULL = YES;
				CLANG_ANALYZER_NUMBER_OBJECT_CONVERSION = YES_AGGRESSIVE;
				CLANG_CXX_LANGUAGE_STANDARD = "gnu++20";
				CLANG_ENABLE_MODULES = YES;
				CLANG_ENABLE_OBJC_ARC = YES;
				CLANG_ENABLE_OBJC_WEAK = YES;
				CLANG_WARN_BLOCK_CAPTURE_AUTORELEASING = YES;
				CLANG_WARN_BOOL_CONVERSION = YES;
				CLANG_WARN_COMMA = YES;
				CLANG_WARN_CONSTANT_CONVERSION = YES;
				CLANG_WARN_DEPRECATED_OBJC_IMPLEMENTATIONS = YES;
				CLANG_WARN_DIRECT_OBJC_ISA_USAGE = YES_ERROR;
				CLANG_WARN_DOCUMENTATION_COMMENTS = YES;
				CLANG_WARN_EMPTY_BODY = YES;
				CLANG_WARN_ENUM_CONVERSION = YES;
				CLANG_WARN_INFINITE_RECURSION = YES;
				CLANG_WARN_INT_CONVERSION = YES;
				CLANG_WARN_NON_LITERAL_NULL_CONVERSION = YES;
				CLANG_WARN_OBJC_IMPLICIT_RETAIN_SELF = YES;
				CLANG_WARN_OBJC_LITERAL_CONVERSION = YES;
				CLANG_WARN_OBJC_ROOT_CLASS = YES_ERROR;
				CLANG_WARN_QUOTED_INCLUDE_IN_FRAMEWORK_HEADER = YES;
				CLANG_WARN_RANGE_LOOP_ANALYSIS = YES;
				CLANG_WARN_STRICT_PROTOTYPES = YES;
				CLANG_WARN_SUSPICIOUS_MOVE = YES;
				CLANG_WARN_UNGUARDED_AVAILABILITY = YES_AGGRESSIVE;
				CLANG_WARN_UNREACHABLE_CODE = YES;
				CLANG_WARN__DUPLICATE_METHOD_MATCH = YES;
				COPY_PHASE_STRIP = NO;
				DEBUG_INFORMATION_FORMAT = dwarf;
				ENABLE_STRICT_OBJC_MSGSEND = YES;
				ENABLE_TESTABILITY = YES;
				GCC_C_LANGUAGE_STANDARD = gnu11;
				GCC_DYNAMIC_NO_PIC = NO;
				GCC_NO_COMMON_BLOCKS = YES;
				GCC_OPTIMIZATION_LEVEL = 0;
				GCC_PREPROCESSOR_DEFINITIONS = (
					"DEBUG=1",
					"$(inherited)",
				);
				GCC_WARN_64_TO_32_BIT_CONVERSION = YES;
				GCC_WARN_ABOUT_RETURN_TYPE = YES_ERROR;
				GCC_WARN_UNDECLARED_SELECTOR = YES;
				GCC_WARN_UNINITIALIZED_AUTOS = YES_AGGRESSIVE;
				GCC_WARN_UNUSED_FUNCTION = YES;
				GCC_WARN_UNUSED_VARIABLE = YES;
				IPHONEOS_DEPLOYMENT_TARGET = 16.4;
				MTL_ENABLE_DEBUG_INFO = INCLUDE_SOURCE;
				MTL_FAST_MATH = YES;
				ONLY_ACTIVE_ARCH = YES;
				SDKROOT = iphoneos;
				SWIFT_ACTIVE_COMPILATION_CONDITIONS = DEBUG;
				SWIFT_OPTIMIZATION_LEVEL = "-Onone";
			};
			name = Debug;
		};
		18DE56F82B40093300BD4D74 /* Release */ = {
			isa = XCBuildConfiguration;
			buildSettings = {
				ALWAYS_SEARCH_USER_PATHS = NO;
				CLANG_ANALYZER_NONNULL = YES;
				CLANG_ANALYZER_NUMBER_OBJECT_CONVERSION = YES_AGGRESSIVE;
				CLANG_CXX_LANGUAGE_STANDARD = "gnu++20";
				CLANG_ENABLE_MODULES = YES;
				CLANG_ENABLE_OBJC_ARC = YES;
				CLANG_ENABLE_OBJC_WEAK = YES;
				CLANG_WARN_BLOCK_CAPTURE_AUTORELEASING = YES;
				CLANG_WARN_BOOL_CONVERSION = YES;
				CLANG_WARN_COMMA = YES;
				CLANG_WARN_CONSTANT_CONVERSION = YES;
				CLANG_WARN_DEPRECATED_OBJC_IMPLEMENTATIONS = YES;
				CLANG_WARN_DIRECT_OBJC_ISA_USAGE = YES_ERROR;
				CLANG_WARN_DOCUMENTATION_COMMENTS = YES;
				CLANG_WARN_EMPTY_BODY = YES;
				CLANG_WARN_ENUM_CONVERSION = YES;
				CLANG_WARN_INFINITE_RECURSION = YES;
				CLANG_WARN_INT_CONVERSION = YES;
				CLANG_WARN_NON_LITERAL_NULL_CONVERSION = YES;
				CLANG_WARN_OBJC_IMPLICIT_RETAIN_SELF = YES;
				CLANG_WARN_OBJC_LITERAL_CONVERSION = YES;
				CLANG_WARN_OBJC_ROOT_CLASS = YES_ERROR;
				CLANG_WARN_QUOTED_INCLUDE_IN_FRAMEWORK_HEADER = YES;
				CLANG_WARN_RANGE_LOOP_ANALYSIS = YES;
				CLANG_WARN_STRICT_PROTOTYPES = YES;
				CLANG_WARN_SUSPICIOUS_MOVE = YES;
				CLANG_WARN_UNGUARDED_AVAILABILITY = YES_AGGRESSIVE;
				CLANG_WARN_UNREACHABLE_CODE = YES;
				CLANG_WARN__DUPLICATE_METHOD_MATCH = YES;
				COPY_PHASE_STRIP = NO;
				DEBUG_INFORMATION_FORMAT = "dwarf-with-dsym";
				ENABLE_NS_ASSERTIONS = NO;
				ENABLE_STRICT_OBJC_MSGSEND = YES;
				GCC_C_LANGUAGE_STANDARD = gnu11;
				GCC_NO_COMMON_BLOCKS = YES;
				GCC_WARN_64_TO_32_BIT_CONVERSION = YES;
				GCC_WARN_ABOUT_RETURN_TYPE = YES_ERROR;
				GCC_WARN_UNDECLARED_SELECTOR = YES;
				GCC_WARN_UNINITIALIZED_AUTOS = YES_AGGRESSIVE;
				GCC_WARN_UNUSED_FUNCTION = YES;
				GCC_WARN_UNUSED_VARIABLE = YES;
				IPHONEOS_DEPLOYMENT_TARGET = 16.4;
				MTL_ENABLE_DEBUG_INFO = NO;
				MTL_FAST_MATH = YES;
				SDKROOT = iphoneos;
				SWIFT_COMPILATION_MODE = wholemodule;
				SWIFT_OPTIMIZATION_LEVEL = "-O";
				VALIDATE_PRODUCT = YES;
			};
			name = Release;
		};
		18DE56FA2B40093300BD4D74 /* Debug */ = {
			isa = XCBuildConfiguration;
			buildSettings = {
				ASSETCATALOG_COMPILER_APPICON_NAME = AppIcon;
				ASSETCATALOG_COMPILER_GLOBAL_ACCENT_COLOR_NAME = AccentColor;
				CODE_SIGN_STYLE = Automatic;
				CURRENT_PROJECT_VERSION = 1;
				GENERATE_INFOPLIST_FILE = YES;
				INFOPLIST_FILE = scroll/Info.plist;
				INFOPLIST_KEY_UIApplicationSupportsIndirectInputEvents = YES;
				INFOPLIST_KEY_UILaunchStoryboardName = LaunchScreen;
				INFOPLIST_KEY_UIMainStoryboardFile = Main;
				INFOPLIST_KEY_UISupportedInterfaceOrientations_iPad = "UIInterfaceOrientationPortrait UIInterfaceOrientationPortraitUpsideDown UIInterfaceOrientationLandscapeLeft UIInterfaceOrientationLandscapeRight";
				INFOPLIST_KEY_UISupportedInterfaceOrientations_iPhone = "UIInterfaceOrientationPortrait UIInterfaceOrientationLandscapeLeft UIInterfaceOrientationLandscapeRight";
				LD_RUNPATH_SEARCH_PATHS = (
					"$(inherited)",
					"@executable_path/Frameworks",
				);
				MARKETING_VERSION = 1.0;
				PRODUCT_BUNDLE_IDENTIFIER = kuku.scroll;
				PRODUCT_NAME = "$(TARGET_NAME)";
				SWIFT_EMIT_LOC_STRINGS = YES;
				SWIFT_VERSION = 5.0;
				TARGETED_DEVICE_FAMILY = "1,2";
			};
			name = Debug;
		};
		18DE56FB2B40093300BD4D74 /* Release */ = {
			isa = XCBuildConfiguration;
			buildSettings = {
				ASSETCATALOG_COMPILER_APPICON_NAME = AppIcon;
				ASSETCATALOG_COMPILER_GLOBAL_ACCENT_COLOR_NAME = AccentColor;
				CODE_SIGN_STYLE = Automatic;
				CURRENT_PROJECT_VERSION = 1;
				GENERATE_INFOPLIST_FILE = YES;
				INFOPLIST_FILE = scroll/Info.plist;
				INFOPLIST_KEY_UIApplicationSupportsIndirectInputEvents = YES;
				INFOPLIST_KEY_UILaunchStoryboardName = LaunchScreen;
				INFOPLIST_KEY_UIMainStoryboardFile = Main;
				INFOPLIST_KEY_UISupportedInterfaceOrientations_iPad = "UIInterfaceOrientationPortrait UIInterfaceOrientationPortraitUpsideDown UIInterfaceOrientationLandscapeLeft UIInterfaceOrientationLandscapeRight";
				INFOPLIST_KEY_UISupportedInterfaceOrientations_iPhone = "UIInterfaceOrientationPortrait UIInterfaceOrientationLandscapeLeft UIInterfaceOrientationLandscapeRight";
				LD_RUNPATH_SEARCH_PATHS = (
					"$(inherited)",
					"@executable_path/Frameworks",
				);
				MARKETING_VERSION = 1.0;
				PRODUCT_BUNDLE_IDENTIFIER = kuku.scroll;
				PRODUCT_NAME = "$(TARGET_NAME)";
				SWIFT_EMIT_LOC_STRINGS = YES;
				SWIFT_VERSION = 5.0;
				TARGETED_DEVICE_FAMILY = "1,2";
			};
			name = Release;
		};
		18DE56FD2B40093300BD4D74 /* Debug */ = {
			isa = XCBuildConfiguration;
			buildSettings = {
				ALWAYS_EMBED_SWIFT_STANDARD_LIBRARIES = YES;
				BUNDLE_LOADER = "$(TEST_HOST)";
				CODE_SIGN_STYLE = Automatic;
				CURRENT_PROJECT_VERSION = 1;
				GENERATE_INFOPLIST_FILE = YES;
				IPHONEOS_DEPLOYMENT_TARGET = 16.4;
				MARKETING_VERSION = 1.0;
				PRODUCT_BUNDLE_IDENTIFIER = kuku.scrollTests;
				PRODUCT_NAME = "$(TARGET_NAME)";
				SWIFT_EMIT_LOC_STRINGS = NO;
				SWIFT_VERSION = 5.0;
				TARGETED_DEVICE_FAMILY = "1,2";
				TEST_HOST = "$(BUILT_PRODUCTS_DIR)/scroll.app/$(BUNDLE_EXECUTABLE_FOLDER_PATH)/scroll";
			};
			name = Debug;
		};
		18DE56FE2B40093300BD4D74 /* Release */ = {
			isa = XCBuildConfiguration;
			buildSettings = {
				ALWAYS_EMBED_SWIFT_STANDARD_LIBRARIES = YES;
				BUNDLE_LOADER = "$(TEST_HOST)";
				CODE_SIGN_STYLE = Automatic;
				CURRENT_PROJECT_VERSION = 1;
				GENERATE_INFOPLIST_FILE = YES;
				IPHONEOS_DEPLOYMENT_TARGET = 16.4;
				MARKETING_VERSION = 1.0;
				PRODUCT_BUNDLE_IDENTIFIER = kuku.scrollTests;
				PRODUCT_NAME = "$(TARGET_NAME)";
				SWIFT_EMIT_LOC_STRINGS = NO;
				SWIFT_VERSION = 5.0;
				TARGETED_DEVICE_FAMILY = "1,2";
				TEST_HOST = "$(BUILT_PRODUCTS_DIR)/scroll.app/$(BUNDLE_EXECUTABLE_FOLDER_PATH)/scroll";
			};
			name = Release;
		};
		18DE57002B40093300BD4D74 /* Debug */ = {
			isa = XCBuildConfiguration;
			buildSettings = {
				ALWAYS_EMBED_SWIFT_STANDARD_LIBRARIES = YES;
				CODE_SIGN_STYLE = Automatic;
				CURRENT_PROJECT_VERSION = 1;
				GENERATE_INFOPLIST_FILE = YES;
				MARKETING_VERSION = 1.0;
				PRODUCT_BUNDLE_IDENTIFIER = kuku.scrollUITests;
				PRODUCT_NAME = "$(TARGET_NAME)";
				SWIFT_EMIT_LOC_STRINGS = NO;
				SWIFT_VERSION = 5.0;
				TARGETED_DEVICE_FAMILY = "1,2";
				TEST_TARGET_NAME = scroll;
			};
			name = Debug;
		};
		18DE57012B40093300BD4D74 /* Release */ = {
			isa = XCBuildConfiguration;
			buildSettings = {
				ALWAYS_EMBED_SWIFT_STANDARD_LIBRARIES = YES;
				CODE_SIGN_STYLE = Automatic;
				CURRENT_PROJECT_VERSION = 1;
				GENERATE_INFOPLIST_FILE = YES;
				MARKETING_VERSION = 1.0;
				PRODUCT_BUNDLE_IDENTIFIER = kuku.scrollUITests;
				PRODUCT_NAME = "$(TARGET_NAME)";
				SWIFT_EMIT_LOC_STRINGS = NO;
				SWIFT_VERSION = 5.0;
				TARGETED_DEVICE_FAMILY = "1,2";
				TEST_TARGET_NAME = scroll;
			};
			name = Release;
		};
/* End XCBuildConfiguration section */

/* Begin XCConfigurationList section */
		18DE56CA2B40093100BD4D74 /* Build configuration list for PBXProject "scroll" */ = {
			isa = XCConfigurationList;
			buildConfigurations = (
				18DE56F72B40093300BD4D74 /* Debug */,
				18DE56F82B40093300BD4D74 /* Release */,
			);
			defaultConfigurationIsVisible = 0;
			defaultConfigurationName = Release;
		};
		18DE56F92B40093300BD4D74 /* Build configuration list for PBXNativeTarget "scroll" */ = {
			isa = XCConfigurationList;
			buildConfigurations = (
				18DE56FA2B40093300BD4D74 /* Debug */,
				18DE56FB2B40093300BD4D74 /* Release */,
			);
			defaultConfigurationIsVisible = 0;
			defaultConfigurationName = Release;
		};
		18DE56FC2B40093300BD4D74 /* Build configuration list for PBXNativeTarget "scrollTests" */ = {
			isa = XCConfigurationList;
			buildConfigurations = (
				18DE56FD2B40093300BD4D74 /* Debug */,
				18DE56FE2B40093300BD4D74 /* Release */,
			);
			defaultConfigurationIsVisible = 0;
			defaultConfigurationName = Release;
		};
		18DE56FF2B40093300BD4D74 /* Build configuration list for PBXNativeTarget "scrollUITests" */ = {
			isa = XCConfigurationList;
			buildConfigurations = (
				18DE57002B40093300BD4D74 /* Debug */,
				18DE57012B40093300BD4D74 /* Release */,
			);
			defaultConfigurationIsVisible = 0;
			defaultConfigurationName = Release;
		};
/* End XCConfigurationList section */
	};
	rootObject = 18DE56C72B40093100BD4D74 /* Project object */;
}
